
Microsoft Visual Studio Solution File, Format Version 12.00
# Visual Studio Version 17
VisualStudioVersion = 17.4.33213.308
MinimumVisualStudioVersion = 10.0.40219.1
Project("{FAE04EC0-301F-11D3-BF4B-00C04F79EFBC}") = "Sudoku", "Sudoku\Sudoku.csproj", "{DC8F9EB4-F061-4112-B2F7-B42B52660D4B}"
EndProject
Global
	GlobalSection(SolutionConfigurationPlatforms) = preSolution
		Debug|Any CPU = Debug|Any CPU
		Release|Any CPU = Release|Any CPU
	EndGlobalSection
	GlobalSection(ProjectConfigurationPlatforms) = postSolution
		{DC8F9EB4-F061-4112-B2F7-B42B52660D4B}.Debug|Any CPU.ActiveCfg = Debug|Any CPU
		{DC8F9EB4-F061-4112-B2F7-B42B52660D4B}.Debug|Any CPU.Build.0 = Debug|Any CPU
		{DC8F9EB4-F061-4112-B2F7-B42B52660D4B}.Release|Any CPU.ActiveCfg = Release|Any CPU
		{DC8F9EB4-F061-4112-B2F7-B42B52660D4B}.Release|Any CPU.Build.0 = Release|Any CPU
	EndGlobalSection
	GlobalSection(SolutionProperties) = preSolution
		HideSolutionNode = FALSE
	EndGlobalSection
	GlobalSection(ExtensibilityGlobals) = postSolution
		SolutionGuid = {1C415A1A-0999-49CD-85F0-C8330C251276}
	EndGlobalSection
EndGlobal
